<?xml version="1.0" encoding="utf-8"?>
<Project ToolsVersion="4.0" xmlns="http://schemas.microsoft.com/developer/msbuild/2003">
  <ItemGroup>
    <Filter Include="Source Files">
      <UniqueIdentifier>{4FC737F1-C7A5-4376-A066-2A32D752A2FF}</UniqueIdentifier>
      <Extensions>cpp;c;cc;cxx;def;odl;idl;hpj;bat;asm;asmx</Extensions>
    </Filter>
    <Filter Include="Header Files">
      <UniqueIdentifier>{93995380-89BD-4b04-88EB-625FBE52EBFB}</UniqueIdentifier>
      <Extensions>h;hpp;hxx;hm;inl;inc;xsd</Extensions>
    </Filter>
    <Filter Include="Resource Files">
      <UniqueIdentifier>{67DA6AB6-F800-4c08-8B7A-83BB121AAD01}</UniqueIdentifier>
      <Extensions>rc;ico;cur;bmp;dlg;rc2;rct;bin;rgs;gif;jpg;jpeg;jpe;resx;tiff;tif;png;wav;mfcribbon-ms</Extensions>
    </Filter>
  </ItemGroup>
  <ItemGroup>
    <Text Include="ReadMe.txt" />
  </ItemGroup>
  <ItemGroup>
    <ClInclude Include="FRProject.h">
      <Filter>Header Files</Filter>
    </ClInclude>
    <ClInclude Include="FRProjectDlg.h">
      <Filter>Header Files</Filter>
    </ClInclude>
    <ClInclude Include="stdafx.h">
      <Filter>Header Files</Filter>
    </ClInclude>
    <ClInclude Include="targetver.h">
      <Filter>Header Files</Filter>
    </ClInclude>
    <ClInclude Include="Resource.h">
      <Filter>Header Files</Filter>
    </ClInclude>
    <ClInclude Include="FrameGrabber.h">
      <Filter>Header Files</Filter>
    </ClInclude>
    <ClInclude Include="GlobalHeader.h">
      <Filter>Header Files</Filter>
    </ClInclude>
    <ClInclude Include="SubFunctions.h">
      <Filter>Header Files</Filter>
    </ClInclude>
    <ClInclude Include="FaceAlign.h">
      <Filter>Header Files</Filter>
    </ClInclude>
    <ClInclude Include="FaceFunctions.h">
      <Filter>Header Files</Filter>
    </ClInclude>
    <ClInclude Include="FaceLightPro.h">
      <Filter>Header Files</Filter>
    </ClInclude>
    <ClInclude Include="FaceFeature.h">
      <Filter>Header Files</Filter>
    </ClInclude>
    <ClInclude Include="dggev.h">
      <Filter>Header Files</Filter>
    </ClInclude>
    <ClInclude Include="FaceSpace.h">
      <Filter>Header Files</Filter>
    </ClInclude>
    <ClInclude Include="Register_Dialog.h">
      <Filter>Header Files</Filter>
    </ClInclude>
    <ClInclude Include="FaceTraining.h">
      <Filter>Header Files</Filter>
    </ClInclude>
    <ClInclude Include="asmfitting.h">
      <Filter>Header Files</Filter>
    </ClInclude>
    <ClInclude Include="asmlibrary.h">
      <Filter>Header Files</Filter>
    </ClInclude>
    <ClInclude Include="CMSComm.h">
      <Filter>Header Files</Filter>
    </ClInclude>
    <ClInclude Include="Setup.h">
      <Filter>Header Files</Filter>
    </ClInclude>
  </ItemGroup>
  <ItemGroup>
    <ClCompile Include="FRProject.cpp">
      <Filter>Source Files</Filter>
    </ClCompile>
    <ClCompile Include="FRProjectDlg.cpp">
      <Filter>Source Files</Filter>
    </ClCompile>
    <ClCompile Include="stdafx.cpp">
      <Filter>Source Files</Filter>
    </ClCompile>
    <ClCompile Include="FrameGrabber.cpp">
      <Filter>Source Files</Filter>
    </ClCompile>
    <ClCompile Include="SubFunctions.cpp">
      <Filter>Source Files</Filter>
    </ClCompile>
    <ClCompile Include="FaceFunctions.cpp">
      <Filter>Source Files</Filter>
    </ClCompile>
    <ClCompile Include="FaceLightPro.cpp">
      <Filter>Source Files</Filter>
    </ClCompile>
    <ClCompile Include="FaceFeature.cpp">
      <Filter>Source Files</Filter>
    </ClCompile>
    <ClCompile Include="FaceSpace.cpp">
      <Filter>Source Files</Filter>
    </ClCompile>
    <ClCompile Include="Register_Dialog.cpp">
      <Filter>Source Files</Filter>
    </ClCompile>
    <ClCompile Include="FaceTraining.cpp">
      <Filter>Source Files</Filter>
    </ClCompile>
    <ClCompile Include="FaceAlign.cpp">
      <Filter>Source Files</Filter>
    </ClCompile>
    <ClCompile Include="CMSComm.cpp">
      <Filter>Source Files</Filter>
    </ClCompile>
    <ClCompile Include="Setup.cpp">
      <Filter>Source Files</Filter>
    </ClCompile>
  </ItemGroup>
  <ItemGroup>
    <ResourceCompile Include="FRProject.rc">
      <Filter>Resource Files</Filter>
    </ResourceCompile>
  </ItemGroup>
  <ItemGroup>
    <None Include="res\FRProject.rc2">
      <Filter>Resource Files</Filter>
    </None>
  </ItemGroup>
  <ItemGroup>
    <Image Include="res\FRProject.ico">
      <Filter>Resource Files</Filter>
    </Image>
  </ItemGroup>
</Project>